{
  "name": "@webergency/shipping",
  "version": "0.0.3",
  "lockfileVersion": 2,
  "requires": true,
  "packages": {
    "": {
      "name": "@webergency/shipping",
      "version": "0.0.3",
      "license": "MIT",
      "dependencies": {
        "@webergency/api": "^0.0.1"
      }
    },
    "node_modules/@liqd-js/alg-object-merge": {
      "version": "1.0.1",
      "resolved": "https://registry.npmjs.org/@liqd-js/alg-object-merge/-/alg-object-merge-1.0.1.tgz",
      "integrity": "sha512-pJSINesVaI1ZKoiFNRFPGt5Ku8/EMrOnWb7FpKQhv8IDh+3/rwvb3XXfHoNcw2hBbwc/dWzu0VbS/vprIMvRpA=="
    },
    "node_modules/@liqd-js/client": {
      "version": "1.3.1",
      "resolved": "https://registry.npmjs.org/@liqd-js/client/-/client-1.3.1.tgz",
      "integrity": "sha512-1IknhbGmKHUwujor5OOtXhUOe3Gg5lklWTbx70CHQTWcUeQLLW0pvkH4p9P4xyWSgkyltpcMk3IoX0GzAVhmDQ==",
      "dependencies": {
        "@liqd-js/alg-object-merge": "^1.0.0",
        "@liqd-js/querystring": "^1.1.0"
      }
    },
    "node_modules/@liqd-js/handle": {
      "version": "1.0.3",
      "resolved": "https://registry.npmjs.org/@liqd-js/handle/-/handle-1.0.3.tgz",
      "integrity": "sha512-zXm8NLMPLY6QlFP52MGEKniW55/1FePzOklvnW1mwA6bsIvghcAllcu4zWJLBa5I7BygGIvjxCaZCilGNEbS1A=="
    },
    "node_modules/@liqd-js/querystring": {
      "version": "1.3.1",
      "resolved": "https://registry.npmjs.org/@liqd-js/querystring/-/querystring-1.3.1.tgz",
      "integrity": "sha512-yM/rs02WSF9C3aeMrc8BjEwgS5+xnlolSAW8g7UZ15QHIJ1iq6f++tA45MnF35uO1+TOKUNeikQyg6R5lTps0A=="
    },
    "node_modules/@webergency/api": {
      "version": "0.0.1",
      "resolved": "https://npm.pkg.github.com/download/@webergency/api/0.0.1/5ae69fd0c46b7ccb670a23b01b23e50743e83768b346e81aaf253f49259674eb",
      "integrity": "sha512-4tXl0zoPllL7wZll0vVNQSB1oEPMLzAZnr7Gi5jS8D8FfNxsqsPNR3oC+b9qSMXcYkyRSdxW326BrLjJShfTHw==",
      "license": "MIT",
      "dependencies": {
        "@liqd-js/client": "^1.3.1",
        "@liqd-js/handle": "^1.0.3"
      }
    }
  },
  "dependencies": {
    "@liqd-js/alg-object-merge": {
      "version": "1.0.1",
      "resolved": "https://registry.npmjs.org/@liqd-js/alg-object-merge/-/alg-object-merge-1.0.1.tgz",
      "integrity": "sha512-pJSINesVaI1ZKoiFNRFPGt5Ku8/EMrOnWb7FpKQhv8IDh+3/rwvb3XXfHoNcw2hBbwc/dWzu0VbS/vprIMvRpA=="
    },
    "@liqd-js/client": {
      "version": "1.3.1",
      "resolved": "https://registry.npmjs.org/@liqd-js/client/-/client-1.3.1.tgz",
      "integrity": "sha512-1IknhbGmKHUwujor5OOtXhUOe3Gg5lklWTbx70CHQTWcUeQLLW0pvkH4p9P4xyWSgkyltpcMk3IoX0GzAVhmDQ==",
      "requires": {
        "@liqd-js/alg-object-merge": "^1.0.0",
        "@liqd-js/querystring": "^1.1.0"
      }
    },
    "@liqd-js/handle": {
      "version": "1.0.3",
      "resolved": "https://registry.npmjs.org/@liqd-js/handle/-/handle-1.0.3.tgz",
      "integrity": "sha512-zXm8NLMPLY6QlFP52MGEKniW55/1FePzOklvnW1mwA6bsIvghcAllcu4zWJLBa5I7BygGIvjxCaZCilGNEbS1A=="
    },
    "@liqd-js/querystring": {
      "version": "1.3.1",
      "resolved": "https://registry.npmjs.org/@liqd-js/querystring/-/querystring-1.3.1.tgz",
      "integrity": "sha512-yM/rs02WSF9C3aeMrc8BjEwgS5+xnlolSAW8g7UZ15QHIJ1iq6f++tA45MnF35uO1+TOKUNeikQyg6R5lTps0A=="
    },
    "@webergency/api": {
      "version": "0.0.1",
      "resolved": "https://npm.pkg.github.com/download/@webergency/api/0.0.1/5ae69fd0c46b7ccb670a23b01b23e50743e83768b346e81aaf253f49259674eb",
      "integrity": "sha512-4tXl0zoPllL7wZll0vVNQSB1oEPMLzAZnr7Gi5jS8D8FfNxsqsPNR3oC+b9qSMXcYkyRSdxW326BrLjJShfTHw==",
      "requires": {
        "@liqd-js/client": "^1.3.1",
        "@liqd-js/handle": "^1.0.3"
      }
    }
  }
}
